// !$*UTF8*$!
{
	archiveVersion = 1;
	classes = {
	};
	objectVersion = 50;
	objects = {

/* Begin PBXBuildFile section */
		11888F6C3D29AD44D631BDDA /* Pods_Trackmoney.framework in Frameworks */ = {isa = PBXBuildFile; fileRef = 723C2C45923E505B7069F1FF /* Pods_Trackmoney.framework */; };
		9417B1602181A092001E88AA /* PromptView.swift in Sources */ = {isa = PBXBuildFile; fileRef = 9417B15F2181A092001E88AA /* PromptView.swift */; };
		9417B1622181C914001E88AA /* BaseFormController.swift in Sources */ = {isa = PBXBuildFile; fileRef = 9417B1612181C914001E88AA /* BaseFormController.swift */; };
		9417B16421820622001E88AA /* SumTextFieldValidate.swift in Sources */ = {isa = PBXBuildFile; fileRef = 9417B16321820622001E88AA /* SumTextFieldValidate.swift */; };
		9417B16621820722001E88AA /* TextToNumberRule.swift in Sources */ = {isa = PBXBuildFile; fileRef = 9417B16521820722001E88AA /* TextToNumberRule.swift */; };
		9424967021AABF6C00364643 /* DateFormat.swift in Sources */ = {isa = PBXBuildFile; fileRef = 9424966F21AABF6C00364643 /* DateFormat.swift */; };
		9424967221AAFE7400364643 /* RenameEntity.swift in Sources */ = {isa = PBXBuildFile; fileRef = 9424967121AAFE7400364643 /* RenameEntity.swift */; };
		9424E8012163651600BE756D /* CreateTransactionDBManagerSpec.swift in Sources */ = {isa = PBXBuildFile; fileRef = 9424E8002163651600BE756D /* CreateTransactionDBManagerSpec.swift */; };
		9424E8042163872000BE756D /* DeleteTransactionDBManagerSpec.swift in Sources */ = {isa = PBXBuildFile; fileRef = 9424E8032163872000BE756D /* DeleteTransactionDBManagerSpec.swift */; };
		9424E80621638F1B00BE756D /* GetTransactionDBManagerSpec.swift in Sources */ = {isa = PBXBuildFile; fileRef = 9424E80521638F1B00BE756D /* GetTransactionDBManagerSpec.swift */; };
		9424E8082163997D00BE756D /* ChangeTransactionDBManagetSpec.swift in Sources */ = {isa = PBXBuildFile; fileRef = 9424E8072163997D00BE756D /* ChangeTransactionDBManagetSpec.swift */; };
		9424E80B2163B4A400BE756D /* MainTabBarControllerBuilder.swift in Sources */ = {isa = PBXBuildFile; fileRef = 9424E80A2163B4A400BE756D /* MainTabBarControllerBuilder.swift */; };
		9424E80D2163B54100BE756D /* AccountsControllerBuilder.swift in Sources */ = {isa = PBXBuildFile; fileRef = 9424E80C2163B54100BE756D /* AccountsControllerBuilder.swift */; };
		9424E8102163BA4C00BE756D /* DataProviderProtocol.swift in Sources */ = {isa = PBXBuildFile; fileRef = 9424E80F2163BA4C00BE756D /* DataProviderProtocol.swift */; };
		9424E8122163C11F00BE756D /* AccountsDataLoader.swift in Sources */ = {isa = PBXBuildFile; fileRef = 9424E8112163C11F00BE756D /* AccountsDataLoader.swift */; };
		9424E8152163D92200BE756D /* CreateControllersSpec.swift in Sources */ = {isa = PBXBuildFile; fileRef = 9424E8142163D92200BE756D /* CreateControllersSpec.swift */; };
		942888512168C7F0002E3DCC /* AlertManager.swift in Sources */ = {isa = PBXBuildFile; fileRef = 942888502168C7F0002E3DCC /* AlertManager.swift */; };
		942888532168F284002E3DCC /* AlertMenagerSpec.swift in Sources */ = {isa = PBXBuildFile; fileRef = 942888522168F284002E3DCC /* AlertMenagerSpec.swift */; };
		9444221F21A8756C0005DA0B /* NoteAlert.swift in Sources */ = {isa = PBXBuildFile; fileRef = 9444221E21A8756C0005DA0B /* NoteAlert.swift */; };
		94466220219C705000C9FFCF /* DifferentAccountRule.swift in Sources */ = {isa = PBXBuildFile; fileRef = 9446621F219C705000C9FFCF /* DifferentAccountRule.swift */; };
		94466222219C730400C9FFCF /* EmptyAccountRule.swift in Sources */ = {isa = PBXBuildFile; fileRef = 94466221219C730400C9FFCF /* EmptyAccountRule.swift */; };
		94466224219C767200C9FFCF /* TransferValidator.swift in Sources */ = {isa = PBXBuildFile; fileRef = 94466223219C767200C9FFCF /* TransferValidator.swift */; };
		94466228219D89F300C9FFCF /* MainAccountButtonValidator.swift in Sources */ = {isa = PBXBuildFile; fileRef = 94466227219D89F300C9FFCF /* MainAccountButtonValidator.swift */; };
		9446622A219D9E0800C9FFCF /* CorAccountButtonValidator.swift in Sources */ = {isa = PBXBuildFile; fileRef = 94466229219D9E0800C9FFCF /* CorAccountButtonValidator.swift */; };
		9446622C219DA51600C9FFCF /* CategoryButtonValidator.swift in Sources */ = {isa = PBXBuildFile; fileRef = 9446622B219DA51600C9FFCF /* CategoryButtonValidator.swift */; };
		9446623321A03D6400C9FFCF /* Account+CoreDataClass.swift in Sources */ = {isa = PBXBuildFile; fileRef = 9446622D21A03D6400C9FFCF /* Account+CoreDataClass.swift */; };
		9446623421A03D6400C9FFCF /* Account+CoreDataProperties.swift in Sources */ = {isa = PBXBuildFile; fileRef = 9446622E21A03D6400C9FFCF /* Account+CoreDataProperties.swift */; };
		9446623521A03D6400C9FFCF /* Transaction+CoreDataClass.swift in Sources */ = {isa = PBXBuildFile; fileRef = 9446622F21A03D6400C9FFCF /* Transaction+CoreDataClass.swift */; };
		9446623621A03D6400C9FFCF /* Transaction+CoreDataProperties.swift in Sources */ = {isa = PBXBuildFile; fileRef = 9446623021A03D6400C9FFCF /* Transaction+CoreDataProperties.swift */; };
		9446623E21A044B700C9FFCF /* ChooseTransactionAlert.swift in Sources */ = {isa = PBXBuildFile; fileRef = 9446623D21A044B700C9FFCF /* ChooseTransactionAlert.swift */; };
		9446624121A04D6900C9FFCF /* ShortAlert.swift in Sources */ = {isa = PBXBuildFile; fileRef = 9446624021A04D6900C9FFCF /* ShortAlert.swift */; };
		9446624321A04EA300C9FFCF /* NeedCancelAlert.swift in Sources */ = {isa = PBXBuildFile; fileRef = 9446624221A04EA300C9FFCF /* NeedCancelAlert.swift */; };
		9446624521A04FD700C9FFCF /* ChooseAccountAlert.swift in Sources */ = {isa = PBXBuildFile; fileRef = 9446624421A04FD700C9FFCF /* ChooseAccountAlert.swift */; };
		9446624721A0551A00C9FFCF /* ChooseCategoryAlert.swift in Sources */ = {isa = PBXBuildFile; fileRef = 9446624621A0551A00C9FFCF /* ChooseCategoryAlert.swift */; };
		9446624921A0569900C9FFCF /* ChooseTypeCategoryAlert.swift in Sources */ = {isa = PBXBuildFile; fileRef = 9446624821A0569900C9FFCF /* ChooseTypeCategoryAlert.swift */; };
		9446624B21A0715900C9FFCF /* CategoryType.swift in Sources */ = {isa = PBXBuildFile; fileRef = 9446624A21A0715900C9FFCF /* CategoryType.swift */; };
		9446624E21A0720300C9FFCF /* CategoryTransaction+CoreDataClass.swift in Sources */ = {isa = PBXBuildFile; fileRef = 9446624C21A0720300C9FFCF /* CategoryTransaction+CoreDataClass.swift */; };
		9446624F21A0720300C9FFCF /* CategoryTransaction+CoreDataProperties.swift in Sources */ = {isa = PBXBuildFile; fileRef = 9446624D21A0720300C9FFCF /* CategoryTransaction+CoreDataProperties.swift */; };
		9446A5A5214F825200D44E13 /* ErrorMessage.swift in Sources */ = {isa = PBXBuildFile; fileRef = 9446A5A4214F825200D44E13 /* ErrorMessage.swift */; };
		945C7A9221799C7900AF0B86 /* TransactionFormControllerBuilder.swift in Sources */ = {isa = PBXBuildFile; fileRef = 945C7A9121799C7900AF0B86 /* TransactionFormControllerBuilder.swift */; };
		945C7A942179A13100AF0B86 /* TransactionFormDataProvider.swift in Sources */ = {isa = PBXBuildFile; fileRef = 945C7A932179A13100AF0B86 /* TransactionFormDataProvider.swift */; };
		945C7A962179EE5800AF0B86 /* TransactionFormSpec.swift in Sources */ = {isa = PBXBuildFile; fileRef = 945C7A952179EE5800AF0B86 /* TransactionFormSpec.swift */; };
		945C7A9A2179FF1300AF0B86 /* LogCell.swift in Sources */ = {isa = PBXBuildFile; fileRef = 945C7A992179FF1300AF0B86 /* LogCell.swift */; };
		94858AC22146CDF900498DCF /* AppDelegate.swift in Sources */ = {isa = PBXBuildFile; fileRef = 94858AC12146CDF900498DCF /* AppDelegate.swift */; };
		94858ACA2146CDF900498DCF /* Trackmoney.xcdatamodeld in Sources */ = {isa = PBXBuildFile; fileRef = 94858AC82146CDF900498DCF /* Trackmoney.xcdatamodeld */; };
		94858ACC2146CDFA00498DCF /* Assets.xcassets in Resources */ = {isa = PBXBuildFile; fileRef = 94858ACB2146CDFA00498DCF /* Assets.xcassets */; };
		94858ACF2146CDFA00498DCF /* LaunchScreen.storyboard in Resources */ = {isa = PBXBuildFile; fileRef = 94858ACD2146CDFA00498DCF /* LaunchScreen.storyboard */; };
		94858AFF2146D15B00498DCF /* AccountDBManager.swift in Sources */ = {isa = PBXBuildFile; fileRef = 94858AF62146D15B00498DCF /* AccountDBManager.swift */; };
		94858B002146D15B00498DCF /* CategoryDBManager.swift in Sources */ = {isa = PBXBuildFile; fileRef = 94858AF72146D15B00498DCF /* CategoryDBManager.swift */; };
		94858B012146D15B00498DCF /* DBManager.swift in Sources */ = {isa = PBXBuildFile; fileRef = 94858AF82146D15B00498DCF /* DBManager.swift */; };
		94858B022146D15B00498DCF /* DBManagerProtocol.swift in Sources */ = {isa = PBXBuildFile; fileRef = 94858AF92146D15B00498DCF /* DBManagerProtocol.swift */; };
		94858B032146D15B00498DCF /* TransactionDBManager.swift in Sources */ = {isa = PBXBuildFile; fileRef = 94858AFA2146D15B00498DCF /* TransactionDBManager.swift */; };
		94858B042146D15B00498DCF /* MessageKeyType.swift in Sources */ = {isa = PBXBuildFile; fileRef = 94858AFC2146D15B00498DCF /* MessageKeyType.swift */; };
		94858B052146D15B00498DCF /* MessageManager.swift in Sources */ = {isa = PBXBuildFile; fileRef = 94858AFD2146D15B00498DCF /* MessageManager.swift */; };
		94858B062146D15B00498DCF /* TransactionType.swift in Sources */ = {isa = PBXBuildFile; fileRef = 94858AFE2146D15B00498DCF /* TransactionType.swift */; };
		94A0EE7E21A54DE7004B66E1 /* DBEntity.swift in Sources */ = {isa = PBXBuildFile; fileRef = 94A0EE7D21A54DE7004B66E1 /* DBEntity.swift */; };
		94A0EE8021A55214004B66E1 /* CustomSortManager.swift in Sources */ = {isa = PBXBuildFile; fileRef = 94A0EE7F21A55214004B66E1 /* CustomSortManager.swift */; };
		94A2243F21AE7CDE00068F47 /* ChangeNoteTransaction.swift in Sources */ = {isa = PBXBuildFile; fileRef = 94A2243E21AE7CDE00068F47 /* ChangeNoteTransaction.swift */; };
		94A24911216145D900BE71FE /* MethodsBDD.swift in Sources */ = {isa = PBXBuildFile; fileRef = 94A24910216145D900BE71FE /* MethodsBDD.swift */; };
		94A7FDEE217AF10E009E5C4B /* AccountFormControllerBuilder.swift in Sources */ = {isa = PBXBuildFile; fileRef = 94A7FDED217AF10E009E5C4B /* AccountFormControllerBuilder.swift */; };
		94A7FDF0217AF1B6009E5C4B /* AccountFormController.swift in Sources */ = {isa = PBXBuildFile; fileRef = 94A7FDEF217AF1B6009E5C4B /* AccountFormController.swift */; };
		94A7FDF2217AF234009E5C4B /* AccountFormDataProvider.swift in Sources */ = {isa = PBXBuildFile; fileRef = 94A7FDF1217AF234009E5C4B /* AccountFormDataProvider.swift */; };
		94A7FDF4217AF3D7009E5C4B /* CategoryFormDataProvider.swift in Sources */ = {isa = PBXBuildFile; fileRef = 94A7FDF3217AF3D7009E5C4B /* CategoryFormDataProvider.swift */; };
		94A7FDF6217B4E8A009E5C4B /* AccountsCell.swift in Sources */ = {isa = PBXBuildFile; fileRef = 94A7FDF5217B4E8A009E5C4B /* AccountsCell.swift */; };
		94A7FDF8217B519A009E5C4B /* CategoryFormControllerBuilder.swift in Sources */ = {isa = PBXBuildFile; fileRef = 94A7FDF7217B519A009E5C4B /* CategoryFormControllerBuilder.swift */; };
		94A7FDFA217B51EB009E5C4B /* CategoryFormController.swift in Sources */ = {isa = PBXBuildFile; fileRef = 94A7FDF9217B51EB009E5C4B /* CategoryFormController.swift */; };
		94A7FDFF217C820A009E5C4B /* CategorySettingsController.swift in Sources */ = {isa = PBXBuildFile; fileRef = 94A7FDFE217C820A009E5C4B /* CategorySettingsController.swift */; };
		94A7FE01217C8CF1009E5C4B /* CategorySettingsDataProvider.swift in Sources */ = {isa = PBXBuildFile; fileRef = 94A7FE00217C8CF1009E5C4B /* CategorySettingsDataProvider.swift */; };
		94A7FE03217C908E009E5C4B /* CategorySettingsControllerBuilder.swift in Sources */ = {isa = PBXBuildFile; fileRef = 94A7FE02217C908E009E5C4B /* CategorySettingsControllerBuilder.swift */; };
		94C553C12164FAFA00C0F628 /* LogControllreBillder.swift in Sources */ = {isa = PBXBuildFile; fileRef = 94C553C02164FAFA00C0F628 /* LogControllreBillder.swift */; };
		94C553C32165004A00C0F628 /* LogDataLoader.swift in Sources */ = {isa = PBXBuildFile; fileRef = 94C553C22165004A00C0F628 /* LogDataLoader.swift */; };
		94C553C5216514A900C0F628 /* ToolsControllerBuilder.swift in Sources */ = {isa = PBXBuildFile; fileRef = 94C553C4216514A900C0F628 /* ToolsControllerBuilder.swift */; };
		94C553C72165158A00C0F628 /* ToolsDataLoader.swift in Sources */ = {isa = PBXBuildFile; fileRef = 94C553C62165158A00C0F628 /* ToolsDataLoader.swift */; };
		94C553C92165323C00C0F628 /* SettingsController.swift in Sources */ = {isa = PBXBuildFile; fileRef = 94C553C82165323C00C0F628 /* SettingsController.swift */; };
		94C553CB2165327E00C0F628 /* SettingsControllerBilder.swift in Sources */ = {isa = PBXBuildFile; fileRef = 94C553CA2165327E00C0F628 /* SettingsControllerBilder.swift */; };
		94CC8137214FDBB30027913C /* TextErrors.swift in Sources */ = {isa = PBXBuildFile; fileRef = 94CC8136214FDBB30027913C /* TextErrors.swift */; };
		94D166892199A88500C5D091 /* NegativeSumRule.swift in Sources */ = {isa = PBXBuildFile; fileRef = 94D166882199A88500C5D091 /* NegativeSumRule.swift */; };
		94D435142148DA6F003ED596 /* ChangeTransactionMamager.swift in Sources */ = {isa = PBXBuildFile; fileRef = 94D435132148DA6F003ED596 /* ChangeTransactionMamager.swift */; };
		94D4351821494843003ED596 /* ChangeSumTransaction.swift in Sources */ = {isa = PBXBuildFile; fileRef = 94D4351721494843003ED596 /* ChangeSumTransaction.swift */; };
		94D4351A21495244003ED596 /* ChangeCategoryTransaction.swift in Sources */ = {isa = PBXBuildFile; fileRef = 94D4351921495244003ED596 /* ChangeCategoryTransaction.swift */; };
		94D4351C214957B4003ED596 /* ChangeIconTransaction.swift in Sources */ = {isa = PBXBuildFile; fileRef = 94D4351B214957B4003ED596 /* ChangeIconTransaction.swift */; };
		94D89E4E216260780090D192 /* AccountDBManagerSpec.swift in Sources */ = {isa = PBXBuildFile; fileRef = 94D89E4D216260780090D192 /* AccountDBManagerSpec.swift */; };
		94D89E5021626F640090D192 /* CategoryDBManagerSpec.swift in Sources */ = {isa = PBXBuildFile; fileRef = 94D89E4F21626F640090D192 /* CategoryDBManagerSpec.swift */; };
		94DD1B6E2178FCB100FF2853 /* Localizable.strings in Resources */ = {isa = PBXBuildFile; fileRef = 94DD1B702178FCB100FF2853 /* Localizable.strings */; };
		94DE53AE21495B8400B4CD73 /* ChangeCorAccount.swift in Sources */ = {isa = PBXBuildFile; fileRef = 94DE53AD21495B8400B4CD73 /* ChangeCorAccount.swift */; };
		94DE545E215EA0C6006CAC9D /* MainTabBarController.swift in Sources */ = {isa = PBXBuildFile; fileRef = 94DE545D215EA0C6006CAC9D /* MainTabBarController.swift */; };
		94DE5460215EA4B2006CAC9D /* AccountsController.swift in Sources */ = {isa = PBXBuildFile; fileRef = 94DE545F215EA4B2006CAC9D /* AccountsController.swift */; };
		94DE5462215EAB56006CAC9D /* ToolsController.swift in Sources */ = {isa = PBXBuildFile; fileRef = 94DE5461215EAB56006CAC9D /* ToolsController.swift */; };
		94E908EC21AD3F6F00E7A31D /* NoteViewController.swift in Sources */ = {isa = PBXBuildFile; fileRef = 94E908EB21AD3F6F00E7A31D /* NoteViewController.swift */; };
		94EC435F21661E12009C6BF3 /* AccountsSettingsController.swift in Sources */ = {isa = PBXBuildFile; fileRef = 94EC435E21661E12009C6BF3 /* AccountsSettingsController.swift */; };
		94EC436121662018009C6BF3 /* AccountsSettingsDataProvider.swift in Sources */ = {isa = PBXBuildFile; fileRef = 94EC436021662018009C6BF3 /* AccountsSettingsDataProvider.swift */; };
		94EC4365216634B8009C6BF3 /* AccountsSettingsControllerBilder.swift in Sources */ = {isa = PBXBuildFile; fileRef = 94EC4364216634B8009C6BF3 /* AccountsSettingsControllerBilder.swift */; };
		94EC436721664492009C6BF3 /* SettingListType.swift in Sources */ = {isa = PBXBuildFile; fileRef = 94EC436621664492009C6BF3 /* SettingListType.swift */; };
		94EEA27A21803D0400F19496 /* NameTextFieldValidate.swift in Sources */ = {isa = PBXBuildFile; fileRef = 94EEA27921803D0400F19496 /* NameTextFieldValidate.swift */; };
		94F613732147F0A700BED9A5 /* CreateTransaction.swift in Sources */ = {isa = PBXBuildFile; fileRef = 94F613722147F0A700BED9A5 /* CreateTransaction.swift */; };
		94F613752148136E00BED9A5 /* DeleteTransaction.swift in Sources */ = {isa = PBXBuildFile; fileRef = 94F613742148136E00BED9A5 /* DeleteTransaction.swift */; };
		94F67394216142EA00A51190 /* TrackmoneyTests.swift in Sources */ = {isa = PBXBuildFile; fileRef = 94F67392216142EA00A51190 /* TrackmoneyTests.swift */; };
		94F7F201217F5E4400359B01 /* ValidatorProtocol.swift in Sources */ = {isa = PBXBuildFile; fileRef = 94F7F200217F5E4400359B01 /* ValidatorProtocol.swift */; };
		94F7F205217F66BD00359B01 /* EmptyRule.swift in Sources */ = {isa = PBXBuildFile; fileRef = 94F7F204217F66BD00359B01 /* EmptyRule.swift */; };
		94F82414216B3CE5003DEE00 /* TransactionFormController.swift in Sources */ = {isa = PBXBuildFile; fileRef = 94F82413216B3CE5003DEE00 /* TransactionFormController.swift */; };
		94FA33F6215FB88200689061 /* LogController.swift in Sources */ = {isa = PBXBuildFile; fileRef = 94FA33F5215FB88200689061 /* LogController.swift */; };
		C366964D76B151F6D15DECDF /* Pods_TrackmoneyTests.framework in Frameworks */ = {isa = PBXBuildFile; fileRef = BCBF7BB3211B4E7E33BA6896 /* Pods_TrackmoneyTests.framework */; };
/* End PBXBuildFile section */

/* Begin PBXContainerItemProxy section */
		94F6738B216142C100A51190 /* PBXContainerItemProxy */ = {
			isa = PBXContainerItemProxy;
			containerPortal = 94858AB62146CDF900498DCF /* Project object */;
			proxyType = 1;
			remoteGlobalIDString = 94858ABD2146CDF900498DCF;
			remoteInfo = Trackmoney;
		};
/* End PBXContainerItemProxy section */

/* Begin PBXFileReference section */
		4B771A0E68CD1C303BE92499 /* Pods-Trackmoney.debug.xcconfig */ = {isa = PBXFileReference; includeInIndex = 1; lastKnownFileType = text.xcconfig; name = "Pods-Trackmoney.debug.xcconfig"; path = "Pods/Target Support Files/Pods-Trackmoney/Pods-Trackmoney.debug.xcconfig"; sourceTree = "<group>"; };
		723C2C45923E505B7069F1FF /* Pods_Trackmoney.framework */ = {isa = PBXFileReference; explicitFileType = wrapper.framework; includeInIndex = 0; path = Pods_Trackmoney.framework; sourceTree = BUILT_PRODUCTS_DIR; };
		75007BC4F3BA82AE3EFC6A52 /* Pods-TrackmoneyTests.debug.xcconfig */ = {isa = PBXFileReference; includeInIndex = 1; lastKnownFileType = text.xcconfig; name = "Pods-TrackmoneyTests.debug.xcconfig"; path = "Pods/Target Support Files/Pods-TrackmoneyTests/Pods-TrackmoneyTests.debug.xcconfig"; sourceTree = "<group>"; };
		780CD5C36C133E5DE051008D /* Pods-TrackmoneyTests.release.xcconfig */ = {isa = PBXFileReference; includeInIndex = 1; lastKnownFileType = text.xcconfig; name = "Pods-TrackmoneyTests.release.xcconfig"; path = "Pods/Target Support Files/Pods-TrackmoneyTests/Pods-TrackmoneyTests.release.xcconfig"; sourceTree = "<group>"; };
		9417B15F2181A092001E88AA /* PromptView.swift */ = {isa = PBXFileReference; lastKnownFileType = sourcecode.swift; path = PromptView.swift; sourceTree = "<group>"; };
		9417B1612181C914001E88AA /* BaseFormController.swift */ = {isa = PBXFileReference; lastKnownFileType = sourcecode.swift; path = BaseFormController.swift; sourceTree = "<group>"; };
		9417B16321820622001E88AA /* SumTextFieldValidate.swift */ = {isa = PBXFileReference; lastKnownFileType = sourcecode.swift; path = SumTextFieldValidate.swift; sourceTree = "<group>"; };
		9417B16521820722001E88AA /* TextToNumberRule.swift */ = {isa = PBXFileReference; lastKnownFileType = sourcecode.swift; path = TextToNumberRule.swift; sourceTree = "<group>"; };
		9424966F21AABF6C00364643 /* DateFormat.swift */ = {isa = PBXFileReference; lastKnownFileType = sourcecode.swift; path = DateFormat.swift; sourceTree = "<group>"; };
		9424967121AAFE7400364643 /* RenameEntity.swift */ = {isa = PBXFileReference; lastKnownFileType = sourcecode.swift; path = RenameEntity.swift; sourceTree = "<group>"; };
		9424E8002163651600BE756D /* CreateTransactionDBManagerSpec.swift */ = {isa = PBXFileReference; lastKnownFileType = sourcecode.swift; path = CreateTransactionDBManagerSpec.swift; sourceTree = "<group>"; };
		9424E8032163872000BE756D /* DeleteTransactionDBManagerSpec.swift */ = {isa = PBXFileReference; lastKnownFileType = sourcecode.swift; path = DeleteTransactionDBManagerSpec.swift; sourceTree = "<group>"; };
		9424E80521638F1B00BE756D /* GetTransactionDBManagerSpec.swift */ = {isa = PBXFileReference; lastKnownFileType = sourcecode.swift; path = GetTransactionDBManagerSpec.swift; sourceTree = "<group>"; };
		9424E8072163997D00BE756D /* ChangeTransactionDBManagetSpec.swift */ = {isa = PBXFileReference; lastKnownFileType = sourcecode.swift; path = ChangeTransactionDBManagetSpec.swift; sourceTree = "<group>"; };
		9424E80A2163B4A400BE756D /* MainTabBarControllerBuilder.swift */ = {isa = PBXFileReference; lastKnownFileType = sourcecode.swift; path = MainTabBarControllerBuilder.swift; sourceTree = "<group>"; };
		9424E80C2163B54100BE756D /* AccountsControllerBuilder.swift */ = {isa = PBXFileReference; lastKnownFileType = sourcecode.swift; path = AccountsControllerBuilder.swift; sourceTree = "<group>"; };
		9424E80F2163BA4C00BE756D /* DataProviderProtocol.swift */ = {isa = PBXFileReference; lastKnownFileType = sourcecode.swift; path = DataProviderProtocol.swift; sourceTree = "<group>"; };
		9424E8112163C11F00BE756D /* AccountsDataLoader.swift */ = {isa = PBXFileReference; lastKnownFileType = sourcecode.swift; path = AccountsDataLoader.swift; sourceTree = "<group>"; };
		9424E8142163D92200BE756D /* CreateControllersSpec.swift */ = {isa = PBXFileReference; lastKnownFileType = sourcecode.swift; path = CreateControllersSpec.swift; sourceTree = "<group>"; };
		942888502168C7F0002E3DCC /* AlertManager.swift */ = {isa = PBXFileReference; lastKnownFileType = sourcecode.swift; path = AlertManager.swift; sourceTree = "<group>"; };
		942888522168F284002E3DCC /* AlertMenagerSpec.swift */ = {isa = PBXFileReference; lastKnownFileType = sourcecode.swift; path = AlertMenagerSpec.swift; sourceTree = "<group>"; };
		9444221E21A8756C0005DA0B /* NoteAlert.swift */ = {isa = PBXFileReference; lastKnownFileType = sourcecode.swift; path = NoteAlert.swift; sourceTree = "<group>"; };
		9446621F219C705000C9FFCF /* DifferentAccountRule.swift */ = {isa = PBXFileReference; lastKnownFileType = sourcecode.swift; path = DifferentAccountRule.swift; sourceTree = "<group>"; };
		94466221219C730400C9FFCF /* EmptyAccountRule.swift */ = {isa = PBXFileReference; lastKnownFileType = sourcecode.swift; path = EmptyAccountRule.swift; sourceTree = "<group>"; };
		94466223219C767200C9FFCF /* TransferValidator.swift */ = {isa = PBXFileReference; lastKnownFileType = sourcecode.swift; path = TransferValidator.swift; sourceTree = "<group>"; };
		94466227219D89F300C9FFCF /* MainAccountButtonValidator.swift */ = {isa = PBXFileReference; lastKnownFileType = sourcecode.swift; path = MainAccountButtonValidator.swift; sourceTree = "<group>"; };
		94466229219D9E0800C9FFCF /* CorAccountButtonValidator.swift */ = {isa = PBXFileReference; lastKnownFileType = sourcecode.swift; path = CorAccountButtonValidator.swift; sourceTree = "<group>"; };
		9446622B219DA51600C9FFCF /* CategoryButtonValidator.swift */ = {isa = PBXFileReference; lastKnownFileType = sourcecode.swift; path = CategoryButtonValidator.swift; sourceTree = "<group>"; };
		9446622D21A03D6400C9FFCF /* Account+CoreDataClass.swift */ = {isa = PBXFileReference; lastKnownFileType = sourcecode.swift; path = "Account+CoreDataClass.swift"; sourceTree = "<group>"; };
		9446622E21A03D6400C9FFCF /* Account+CoreDataProperties.swift */ = {isa = PBXFileReference; lastKnownFileType = sourcecode.swift; path = "Account+CoreDataProperties.swift"; sourceTree = "<group>"; };
		9446622F21A03D6400C9FFCF /* Transaction+CoreDataClass.swift */ = {isa = PBXFileReference; lastKnownFileType = sourcecode.swift; path = "Transaction+CoreDataClass.swift"; sourceTree = "<group>"; };
		9446623021A03D6400C9FFCF /* Transaction+CoreDataProperties.swift */ = {isa = PBXFileReference; lastKnownFileType = sourcecode.swift; path = "Transaction+CoreDataProperties.swift"; sourceTree = "<group>"; };
		9446623D21A044B700C9FFCF /* ChooseTransactionAlert.swift */ = {isa = PBXFileReference; lastKnownFileType = sourcecode.swift; path = ChooseTransactionAlert.swift; sourceTree = "<group>"; };
		9446624021A04D6900C9FFCF /* ShortAlert.swift */ = {isa = PBXFileReference; lastKnownFileType = sourcecode.swift; path = ShortAlert.swift; sourceTree = "<group>"; };
		9446624221A04EA300C9FFCF /* NeedCancelAlert.swift */ = {isa = PBXFileReference; lastKnownFileType = sourcecode.swift; path = NeedCancelAlert.swift; sourceTree = "<group>"; };
		9446624421A04FD700C9FFCF /* ChooseAccountAlert.swift */ = {isa = PBXFileReference; lastKnownFileType = sourcecode.swift; path = ChooseAccountAlert.swift; sourceTree = "<group>"; };
		9446624621A0551A00C9FFCF /* ChooseCategoryAlert.swift */ = {isa = PBXFileReference; lastKnownFileType = sourcecode.swift; path = ChooseCategoryAlert.swift; sourceTree = "<group>"; };
		9446624821A0569900C9FFCF /* ChooseTypeCategoryAlert.swift */ = {isa = PBXFileReference; lastKnownFileType = sourcecode.swift; path = ChooseTypeCategoryAlert.swift; sourceTree = "<group>"; };
		9446624A21A0715900C9FFCF /* CategoryType.swift */ = {isa = PBXFileReference; lastKnownFileType = sourcecode.swift; path = CategoryType.swift; sourceTree = "<group>"; };
		9446624C21A0720300C9FFCF /* CategoryTransaction+CoreDataClass.swift */ = {isa = PBXFileReference; lastKnownFileType = sourcecode.swift; path = "CategoryTransaction+CoreDataClass.swift"; sourceTree = "<group>"; };
		9446624D21A0720300C9FFCF /* CategoryTransaction+CoreDataProperties.swift */ = {isa = PBXFileReference; lastKnownFileType = sourcecode.swift; path = "CategoryTransaction+CoreDataProperties.swift"; sourceTree = "<group>"; };
		9446A5A4214F825200D44E13 /* ErrorMessage.swift */ = {isa = PBXFileReference; lastKnownFileType = sourcecode.swift; path = ErrorMessage.swift; sourceTree = "<group>"; };
		945C7A9121799C7900AF0B86 /* TransactionFormControllerBuilder.swift */ = {isa = PBXFileReference; lastKnownFileType = sourcecode.swift; path = TransactionFormControllerBuilder.swift; sourceTree = "<group>"; };
		945C7A932179A13100AF0B86 /* TransactionFormDataProvider.swift */ = {isa = PBXFileReference; lastKnownFileType = sourcecode.swift; path = TransactionFormDataProvider.swift; sourceTree = "<group>"; };
		945C7A952179EE5800AF0B86 /* TransactionFormSpec.swift */ = {isa = PBXFileReference; lastKnownFileType = sourcecode.swift; path = TransactionFormSpec.swift; sourceTree = "<group>"; };
		945C7A992179FF1300AF0B86 /* LogCell.swift */ = {isa = PBXFileReference; lastKnownFileType = sourcecode.swift; path = LogCell.swift; sourceTree = "<group>"; };
		94858ABE2146CDF900498DCF /* Trackmoney.app */ = {isa = PBXFileReference; explicitFileType = wrapper.application; includeInIndex = 0; path = Trackmoney.app; sourceTree = BUILT_PRODUCTS_DIR; };
		94858AC12146CDF900498DCF /* AppDelegate.swift */ = {isa = PBXFileReference; lastKnownFileType = sourcecode.swift; path = AppDelegate.swift; sourceTree = "<group>"; };
		94858AC92146CDF900498DCF /* Trackmoney.xcdatamodel */ = {isa = PBXFileReference; lastKnownFileType = wrapper.xcdatamodel; path = Trackmoney.xcdatamodel; sourceTree = "<group>"; };
		94858ACB2146CDFA00498DCF /* Assets.xcassets */ = {isa = PBXFileReference; lastKnownFileType = folder.assetcatalog; path = Assets.xcassets; sourceTree = "<group>"; };
		94858ACE2146CDFA00498DCF /* Base */ = {isa = PBXFileReference; lastKnownFileType = file.storyboard; name = Base; path = Base.lproj/LaunchScreen.storyboard; sourceTree = "<group>"; };
		94858AD02146CDFA00498DCF /* Info.plist */ = {isa = PBXFileReference; lastKnownFileType = text.plist.xml; path = Info.plist; sourceTree = "<group>"; };
		94858AF62146D15B00498DCF /* AccountDBManager.swift */ = {isa = PBXFileReference; fileEncoding = 4; lastKnownFileType = sourcecode.swift; path = AccountDBManager.swift; sourceTree = "<group>"; };
		94858AF72146D15B00498DCF /* CategoryDBManager.swift */ = {isa = PBXFileReference; fileEncoding = 4; lastKnownFileType = sourcecode.swift; path = CategoryDBManager.swift; sourceTree = "<group>"; };
		94858AF82146D15B00498DCF /* DBManager.swift */ = {isa = PBXFileReference; fileEncoding = 4; lastKnownFileType = sourcecode.swift; path = DBManager.swift; sourceTree = "<group>"; };
		94858AF92146D15B00498DCF /* DBManagerProtocol.swift */ = {isa = PBXFileReference; fileEncoding = 4; lastKnownFileType = sourcecode.swift; path = DBManagerProtocol.swift; sourceTree = "<group>"; };
		94858AFA2146D15B00498DCF /* TransactionDBManager.swift */ = {isa = PBXFileReference; fileEncoding = 4; lastKnownFileType = sourcecode.swift; path = TransactionDBManager.swift; sourceTree = "<group>"; };
		94858AFC2146D15B00498DCF /* MessageKeyType.swift */ = {isa = PBXFileReference; fileEncoding = 4; lastKnownFileType = sourcecode.swift; path = MessageKeyType.swift; sourceTree = "<group>"; };
		94858AFD2146D15B00498DCF /* MessageManager.swift */ = {isa = PBXFileReference; fileEncoding = 4; lastKnownFileType = sourcecode.swift; path = MessageManager.swift; sourceTree = "<group>"; };
		94858AFE2146D15B00498DCF /* TransactionType.swift */ = {isa = PBXFileReference; fileEncoding = 4; lastKnownFileType = sourcecode.swift; path = TransactionType.swift; sourceTree = "<group>"; };
		94A0EE7D21A54DE7004B66E1 /* DBEntity.swift */ = {isa = PBXFileReference; lastKnownFileType = sourcecode.swift; path = DBEntity.swift; sourceTree = "<group>"; };
		94A0EE7F21A55214004B66E1 /* CustomSortManager.swift */ = {isa = PBXFileReference; lastKnownFileType = sourcecode.swift; path = CustomSortManager.swift; sourceTree = "<group>"; };
		94A2243E21AE7CDE00068F47 /* ChangeNoteTransaction.swift */ = {isa = PBXFileReference; lastKnownFileType = sourcecode.swift; path = ChangeNoteTransaction.swift; sourceTree = "<group>"; };
		94A24910216145D900BE71FE /* MethodsBDD.swift */ = {isa = PBXFileReference; lastKnownFileType = sourcecode.swift; path = MethodsBDD.swift; sourceTree = "<group>"; };
		94A7FDED217AF10E009E5C4B /* AccountFormControllerBuilder.swift */ = {isa = PBXFileReference; lastKnownFileType = sourcecode.swift; path = AccountFormControllerBuilder.swift; sourceTree = "<group>"; };
		94A7FDEF217AF1B6009E5C4B /* AccountFormController.swift */ = {isa = PBXFileReference; lastKnownFileType = sourcecode.swift; path = AccountFormController.swift; sourceTree = "<group>"; };
		94A7FDF1217AF234009E5C4B /* AccountFormDataProvider.swift */ = {isa = PBXFileReference; lastKnownFileType = sourcecode.swift; path = AccountFormDataProvider.swift; sourceTree = "<group>"; };
		94A7FDF3217AF3D7009E5C4B /* CategoryFormDataProvider.swift */ = {isa = PBXFileReference; lastKnownFileType = sourcecode.swift; path = CategoryFormDataProvider.swift; sourceTree = "<group>"; };
		94A7FDF5217B4E8A009E5C4B /* AccountsCell.swift */ = {isa = PBXFileReference; lastKnownFileType = sourcecode.swift; path = AccountsCell.swift; sourceTree = "<group>"; };
		94A7FDF7217B519A009E5C4B /* CategoryFormControllerBuilder.swift */ = {isa = PBXFileReference; lastKnownFileType = sourcecode.swift; path = CategoryFormControllerBuilder.swift; sourceTree = "<group>"; };
		94A7FDF9217B51EB009E5C4B /* CategoryFormController.swift */ = {isa = PBXFileReference; lastKnownFileType = sourcecode.swift; path = CategoryFormController.swift; sourceTree = "<group>"; };
		94A7FDFE217C820A009E5C4B /* CategorySettingsController.swift */ = {isa = PBXFileReference; lastKnownFileType = sourcecode.swift; path = CategorySettingsController.swift; sourceTree = "<group>"; };
		94A7FE00217C8CF1009E5C4B /* CategorySettingsDataProvider.swift */ = {isa = PBXFileReference; lastKnownFileType = sourcecode.swift; path = CategorySettingsDataProvider.swift; sourceTree = "<group>"; };
		94A7FE02217C908E009E5C4B /* CategorySettingsControllerBuilder.swift */ = {isa = PBXFileReference; lastKnownFileType = sourcecode.swift; path = CategorySettingsControllerBuilder.swift; sourceTree = "<group>"; };
		94C553C02164FAFA00C0F628 /* LogControllreBillder.swift */ = {isa = PBXFileReference; lastKnownFileType = sourcecode.swift; path = LogControllreBillder.swift; sourceTree = "<group>"; };
		94C553C22165004A00C0F628 /* LogDataLoader.swift */ = {isa = PBXFileReference; lastKnownFileType = sourcecode.swift; path = LogDataLoader.swift; sourceTree = "<group>"; };
		94C553C4216514A900C0F628 /* ToolsControllerBuilder.swift */ = {isa = PBXFileReference; lastKnownFileType = sourcecode.swift; path = ToolsControllerBuilder.swift; sourceTree = "<group>"; };
		94C553C62165158A00C0F628 /* ToolsDataLoader.swift */ = {isa = PBXFileReference; lastKnownFileType = sourcecode.swift; path = ToolsDataLoader.swift; sourceTree = "<group>"; };
		94C553C82165323C00C0F628 /* SettingsController.swift */ = {isa = PBXFileReference; lastKnownFileType = sourcecode.swift; path = SettingsController.swift; sourceTree = "<group>"; };
		94C553CA2165327E00C0F628 /* SettingsControllerBilder.swift */ = {isa = PBXFileReference; lastKnownFileType = sourcecode.swift; path = SettingsControllerBilder.swift; sourceTree = "<group>"; };
		94CC8136214FDBB30027913C /* TextErrors.swift */ = {isa = PBXFileReference; lastKnownFileType = sourcecode.swift; path = TextErrors.swift; sourceTree = "<group>"; };
		94D166882199A88500C5D091 /* NegativeSumRule.swift */ = {isa = PBXFileReference; lastKnownFileType = sourcecode.swift; path = NegativeSumRule.swift; sourceTree = "<group>"; };
		94D435132148DA6F003ED596 /* ChangeTransactionMamager.swift */ = {isa = PBXFileReference; lastKnownFileType = sourcecode.swift; path = ChangeTransactionMamager.swift; sourceTree = "<group>"; };
		94D4351721494843003ED596 /* ChangeSumTransaction.swift */ = {isa = PBXFileReference; lastKnownFileType = sourcecode.swift; path = ChangeSumTransaction.swift; sourceTree = "<group>"; };
		94D4351921495244003ED596 /* ChangeCategoryTransaction.swift */ = {isa = PBXFileReference; lastKnownFileType = sourcecode.swift; path = ChangeCategoryTransaction.swift; sourceTree = "<group>"; };
		94D4351B214957B4003ED596 /* ChangeIconTransaction.swift */ = {isa = PBXFileReference; lastKnownFileType = sourcecode.swift; path = ChangeIconTransaction.swift; sourceTree = "<group>"; };
		94D89E4D216260780090D192 /* AccountDBManagerSpec.swift */ = {isa = PBXFileReference; lastKnownFileType = sourcecode.swift; path = AccountDBManagerSpec.swift; sourceTree = "<group>"; };
		94D89E4F21626F640090D192 /* CategoryDBManagerSpec.swift */ = {isa = PBXFileReference; lastKnownFileType = sourcecode.swift; path = CategoryDBManagerSpec.swift; sourceTree = "<group>"; };
		94DD1B62217895F300FF2853 /* ru */ = {isa = PBXFileReference; lastKnownFileType = text.plist.strings; name = ru; path = ru.lproj/LaunchScreen.strings; sourceTree = "<group>"; };
		94DD1B6F2178FCB100FF2853 /* en */ = {isa = PBXFileReference; lastKnownFileType = text.plist.strings; name = en; path = en.lproj/Localizable.strings; sourceTree = "<group>"; };
		94DD1B712178FCB300FF2853 /* ru */ = {isa = PBXFileReference; lastKnownFileType = text.plist.strings; name = ru; path = ru.lproj/Localizable.strings; sourceTree = "<group>"; };
		94DE53AD21495B8400B4CD73 /* ChangeCorAccount.swift */ = {isa = PBXFileReference; lastKnownFileType = sourcecode.swift; path = ChangeCorAccount.swift; sourceTree = "<group>"; };
		94DE545D215EA0C6006CAC9D /* MainTabBarController.swift */ = {isa = PBXFileReference; lastKnownFileType = sourcecode.swift; path = MainTabBarController.swift; sourceTree = "<group>"; };
		94DE545F215EA4B2006CAC9D /* AccountsController.swift */ = {isa = PBXFileReference; lastKnownFileType = sourcecode.swift; path = AccountsController.swift; sourceTree = "<group>"; };
		94DE5461215EAB56006CAC9D /* ToolsController.swift */ = {isa = PBXFileReference; lastKnownFileType = sourcecode.swift; path = ToolsController.swift; sourceTree = "<group>"; };
		94E908EB21AD3F6F00E7A31D /* NoteViewController.swift */ = {isa = PBXFileReference; lastKnownFileType = sourcecode.swift; path = NoteViewController.swift; sourceTree = "<group>"; };
		94EC435E21661E12009C6BF3 /* AccountsSettingsController.swift */ = {isa = PBXFileReference; lastKnownFileType = sourcecode.swift; path = AccountsSettingsController.swift; sourceTree = "<group>"; };
		94EC436021662018009C6BF3 /* AccountsSettingsDataProvider.swift */ = {isa = PBXFileReference; lastKnownFileType = sourcecode.swift; path = AccountsSettingsDataProvider.swift; sourceTree = "<group>"; };
		94EC4364216634B8009C6BF3 /* AccountsSettingsControllerBilder.swift */ = {isa = PBXFileReference; lastKnownFileType = sourcecode.swift; path = AccountsSettingsControllerBilder.swift; sourceTree = "<group>"; };
		94EC436621664492009C6BF3 /* SettingListType.swift */ = {isa = PBXFileReference; lastKnownFileType = sourcecode.swift; path = SettingListType.swift; sourceTree = "<group>"; };
		94EEA27921803D0400F19496 /* NameTextFieldValidate.swift */ = {isa = PBXFileReference; lastKnownFileType = sourcecode.swift; path = NameTextFieldValidate.swift; sourceTree = "<group>"; };
		94F613722147F0A700BED9A5 /* CreateTransaction.swift */ = {isa = PBXFileReference; lastKnownFileType = sourcecode.swift; path = CreateTransaction.swift; sourceTree = "<group>"; };
		94F613742148136E00BED9A5 /* DeleteTransaction.swift */ = {isa = PBXFileReference; lastKnownFileType = sourcecode.swift; path = DeleteTransaction.swift; sourceTree = "<group>"; };
		94F67386216142C100A51190 /* TrackmoneyTests.xctest */ = {isa = PBXFileReference; explicitFileType = wrapper.cfbundle; includeInIndex = 0; path = TrackmoneyTests.xctest; sourceTree = BUILT_PRODUCTS_DIR; };
		94F67391216142EA00A51190 /* Info.plist */ = {isa = PBXFileReference; fileEncoding = 4; lastKnownFileType = text.plist.xml; path = Info.plist; sourceTree = "<group>"; };
		94F67392216142EA00A51190 /* TrackmoneyTests.swift */ = {isa = PBXFileReference; fileEncoding = 4; lastKnownFileType = sourcecode.swift; path = TrackmoneyTests.swift; sourceTree = "<group>"; };
		94F7F200217F5E4400359B01 /* ValidatorProtocol.swift */ = {isa = PBXFileReference; lastKnownFileType = sourcecode.swift; path = ValidatorProtocol.swift; sourceTree = "<group>"; };
		94F7F204217F66BD00359B01 /* EmptyRule.swift */ = {isa = PBXFileReference; lastKnownFileType = sourcecode.swift; path = EmptyRule.swift; sourceTree = "<group>"; };
		94F82413216B3CE5003DEE00 /* TransactionFormController.swift */ = {isa = PBXFileReference; lastKnownFileType = sourcecode.swift; path = TransactionFormController.swift; sourceTree = "<group>"; };
		94FA33F5215FB88200689061 /* LogController.swift */ = {isa = PBXFileReference; lastKnownFileType = sourcecode.swift; path = LogController.swift; sourceTree = "<group>"; };
		A564A50849A1D3E56615F7EE /* Pods-TrackmoneyUITests.debug.xcconfig */ = {isa = PBXFileReference; includeInIndex = 1; lastKnownFileType = text.xcconfig; name = "Pods-TrackmoneyUITests.debug.xcconfig"; path = "Pods/Target Support Files/Pods-TrackmoneyUITests/Pods-TrackmoneyUITests.debug.xcconfig"; sourceTree = "<group>"; };
		B77297DBC59BE89A720C0638 /* Pods-TrackmoneyUITests.release.xcconfig */ = {isa = PBXFileReference; includeInIndex = 1; lastKnownFileType = text.xcconfig; name = "Pods-TrackmoneyUITests.release.xcconfig"; path = "Pods/Target Support Files/Pods-TrackmoneyUITests/Pods-TrackmoneyUITests.release.xcconfig"; sourceTree = "<group>"; };
		BCBF7BB3211B4E7E33BA6896 /* Pods_TrackmoneyTests.framework */ = {isa = PBXFileReference; explicitFileType = wrapper.framework; includeInIndex = 0; path = Pods_TrackmoneyTests.framework; sourceTree = BUILT_PRODUCTS_DIR; };
		DB7C7CAE116CDCC9EE5640C9 /* Pods-Trackmoney.release.xcconfig */ = {isa = PBXFileReference; includeInIndex = 1; lastKnownFileType = text.xcconfig; name = "Pods-Trackmoney.release.xcconfig"; path = "Pods/Target Support Files/Pods-Trackmoney/Pods-Trackmoney.release.xcconfig"; sourceTree = "<group>"; };
		EF2FC793D9B36922B5A90A79 /* Pods_TrackmoneyUITests.framework */ = {isa = PBXFileReference; explicitFileType = wrapper.framework; includeInIndex = 0; path = Pods_TrackmoneyUITests.framework; sourceTree = BUILT_PRODUCTS_DIR; };
/* End PBXFileReference section */

/* Begin PBXFrameworksBuildPhase section */
		94858ABB2146CDF900498DCF /* Frameworks */ = {
			isa = PBXFrameworksBuildPhase;
			buildActionMask = 2147483647;
			files = (
				11888F6C3D29AD44D631BDDA /* Pods_Trackmoney.framework in Frameworks */,
			);
			runOnlyForDeploymentPostprocessing = 0;
		};
		94F67383216142C100A51190 /* Frameworks */ = {
			isa = PBXFrameworksBuildPhase;
			buildActionMask = 2147483647;
			files = (
				C366964D76B151F6D15DECDF /* Pods_TrackmoneyTests.framework in Frameworks */,
			);
			runOnlyForDeploymentPostprocessing = 0;
		};
/* End PBXFrameworksBuildPhase section */

/* Begin PBXGroup section */
		6C6735C00E9E3FE18C684FA0 /* Pods */ = {
			isa = PBXGroup;
			children = (
				4B771A0E68CD1C303BE92499 /* Pods-Trackmoney.debug.xcconfig */,
				DB7C7CAE116CDCC9EE5640C9 /* Pods-Trackmoney.release.xcconfig */,
				75007BC4F3BA82AE3EFC6A52 /* Pods-TrackmoneyTests.debug.xcconfig */,
				780CD5C36C133E5DE051008D /* Pods-TrackmoneyTests.release.xcconfig */,
				A564A50849A1D3E56615F7EE /* Pods-TrackmoneyUITests.debug.xcconfig */,
				B77297DBC59BE89A720C0638 /* Pods-TrackmoneyUITests.release.xcconfig */,
			);
			name = Pods;
			sourceTree = "<group>";
		};
		9417B15E2181A06B001E88AA /* PromptManager */ = {
			isa = PBXGroup;
			children = (
				9417B15F2181A092001E88AA /* PromptView.swift */,
			);
			path = PromptManager;
			sourceTree = "<group>";
		};
		9424E8022163656E00BE756D /* TtansactionDBManager */ = {
			isa = PBXGroup;
			children = (
				9424E8002163651600BE756D /* CreateTransactionDBManagerSpec.swift */,
				9424E8032163872000BE756D /* DeleteTransactionDBManagerSpec.swift */,
				9424E80521638F1B00BE756D /* GetTransactionDBManagerSpec.swift */,
				9424E8072163997D00BE756D /* ChangeTransactionDBManagetSpec.swift */,
			);
			path = TtansactionDBManager;
			sourceTree = "<group>";
		};
		9424E8092163B3C100BE756D /* Bilders */ = {
			isa = PBXGroup;
			children = (
				9424E80A2163B4A400BE756D /* MainTabBarControllerBuilder.swift */,
				9424E80C2163B54100BE756D /* AccountsControllerBuilder.swift */,
				94C553C02164FAFA00C0F628 /* LogControllreBillder.swift */,
				94C553C4216514A900C0F628 /* ToolsControllerBuilder.swift */,
				94C553CA2165327E00C0F628 /* SettingsControllerBilder.swift */,
				94EC4364216634B8009C6BF3 /* AccountsSettingsControllerBilder.swift */,
				94A7FE02217C908E009E5C4B /* CategorySettingsControllerBuilder.swift */,
				945C7A9121799C7900AF0B86 /* TransactionFormControllerBuilder.swift */,
				94A7FDED217AF10E009E5C4B /* AccountFormControllerBuilder.swift */,
				94A7FDF7217B519A009E5C4B /* CategoryFormControllerBuilder.swift */,
			);
			path = Bilders;
			sourceTree = "<group>";
		};
		9424E80E2163BA0F00BE756D /* DataProviders */ = {
			isa = PBXGroup;
			children = (
				9424E80F2163BA4C00BE756D /* DataProviderProtocol.swift */,
				9424E8112163C11F00BE756D /* AccountsDataLoader.swift */,
				94C553C22165004A00C0F628 /* LogDataLoader.swift */,
				94C553C62165158A00C0F628 /* ToolsDataLoader.swift */,
				94EC436021662018009C6BF3 /* AccountsSettingsDataProvider.swift */,
				94A7FE00217C8CF1009E5C4B /* CategorySettingsDataProvider.swift */,
				945C7A932179A13100AF0B86 /* TransactionFormDataProvider.swift */,
				94A7FDF1217AF234009E5C4B /* AccountFormDataProvider.swift */,
				94A7FDF3217AF3D7009E5C4B /* CategoryFormDataProvider.swift */,
			);
			path = DataProviders;
			sourceTree = "<group>";
		};
		9424E8132163D8F300BE756D /* CreateControllersSpec */ = {
			isa = PBXGroup;
			children = (
				9424E8142163D92200BE756D /* CreateControllersSpec.swift */,
			);
			path = CreateControllersSpec;
			sourceTree = "<group>";
		};
		9446623F21A04D4600C9FFCF /* Alerts */ = {
			isa = PBXGroup;
			children = (
				942888502168C7F0002E3DCC /* AlertManager.swift */,
				9446623D21A044B700C9FFCF /* ChooseTransactionAlert.swift */,
				9446624021A04D6900C9FFCF /* ShortAlert.swift */,
				9446624221A04EA300C9FFCF /* NeedCancelAlert.swift */,
				9446624421A04FD700C9FFCF /* ChooseAccountAlert.swift */,
				9446624621A0551A00C9FFCF /* ChooseCategoryAlert.swift */,
				9446624821A0569900C9FFCF /* ChooseTypeCategoryAlert.swift */,
				9444221E21A8756C0005DA0B /* NoteAlert.swift */,
				9424967121AAFE7400364643 /* RenameEntity.swift */,
			);
			path = Alerts;
			sourceTree = "<group>";
		};
		945C7A972179FEDD00AF0B86 /* Controllers */ = {
			isa = PBXGroup;
			children = (
				94A7FDFB217C8198009E5C4B /* MainScreen */,
				94A7FDFC217C81AD009E5C4B /* SettingsScreens */,
				94A7FDFD217C81C3009E5C4B /* FormScreens */,
				94E908EB21AD3F6F00E7A31D /* NoteViewController.swift */,
			);
			path = Controllers;
			sourceTree = "<group>";
		};
		945C7A982179FEED00AF0B86 /* Cells */ = {
			isa = PBXGroup;
			children = (
				945C7A992179FF1300AF0B86 /* LogCell.swift */,
				94A7FDF5217B4E8A009E5C4B /* AccountsCell.swift */,
			);
			path = Cells;
			sourceTree = "<group>";
		};
		94858AB52146CDF900498DCF = {
			isa = PBXGroup;
			children = (
				94858AC02146CDF900498DCF /* Trackmoney */,
				94F67390216142EA00A51190 /* TrackmoneyTests */,
				94858ABF2146CDF900498DCF /* Products */,
				6C6735C00E9E3FE18C684FA0 /* Pods */,
				E9F1B1F9FFDEEAB5A7083479 /* Frameworks */,
			);
			sourceTree = "<group>";
		};
		94858ABF2146CDF900498DCF /* Products */ = {
			isa = PBXGroup;
			children = (
				94858ABE2146CDF900498DCF /* Trackmoney.app */,
				94F67386216142C100A51190 /* TrackmoneyTests.xctest */,
			);
			name = Products;
			sourceTree = "<group>";
		};
		94858AC02146CDF900498DCF /* Trackmoney */ = {
			isa = PBXGroup;
			children = (
				94858AF22146D13300498DCF /* App */,
				94858B0A2146D1E200498DCF /* Core */,
				94858B0C2146D21000498DCF /* Environments */,
				94858B0D2146D22400498DCF /* Flows */,
				94858B0B2146D1F600498DCF /* Resources */,
			);
			path = Trackmoney;
			sourceTree = "<group>";
		};
		94858AF22146D13300498DCF /* App */ = {
			isa = PBXGroup;
			children = (
				94858B0E2146D28B00498DCF /* AppDelegate */,
				94858B092146D1BC00498DCF /* Asembly */,
				94858AF32146D15B00498DCF /* BussinessLogic */,
				94858B072146D19800498DCF /* Entity */,
			);
			path = App;
			sourceTree = "<group>";
		};
		94858AF32146D15B00498DCF /* BussinessLogic */ = {
			isa = PBXGroup;
			children = (
				9424E80E2163BA0F00BE756D /* DataProviders */,
				94858AF52146D15B00498DCF /* DataBaseManagers */,
			);
			path = BussinessLogic;
			sourceTree = "<group>";
		};
		94858AF52146D15B00498DCF /* DataBaseManagers */ = {
			isa = PBXGroup;
			children = (
				94CC8135214FDB7C0027913C /* ErrorsManager */,
				94858AF92146D15B00498DCF /* DBManagerProtocol.swift */,
				94858AF82146D15B00498DCF /* DBManager.swift */,
				94858AF62146D15B00498DCF /* AccountDBManager.swift */,
				94858AF72146D15B00498DCF /* CategoryDBManager.swift */,
				94D435152149469F003ED596 /* TransactionDBManager */,
			);
			path = DataBaseManagers;
			sourceTree = "<group>";
		};
		94858AFB2146D15B00498DCF /* MessageManager */ = {
			isa = PBXGroup;
			children = (
				94858AFC2146D15B00498DCF /* MessageKeyType.swift */,
				94858AFD2146D15B00498DCF /* MessageManager.swift */,
			);
			path = MessageManager;
			sourceTree = "<group>";
		};
		94858B072146D19800498DCF /* Entity */ = {
			isa = PBXGroup;
			children = (
				94858B082146D1A800498DCF /* CoreDataEntity */,
			);
			path = Entity;
			sourceTree = "<group>";
		};
		94858B082146D1A800498DCF /* CoreDataEntity */ = {
			isa = PBXGroup;
			children = (
				9446624C21A0720300C9FFCF /* CategoryTransaction+CoreDataClass.swift */,
				9446624D21A0720300C9FFCF /* CategoryTransaction+CoreDataProperties.swift */,
				9446622D21A03D6400C9FFCF /* Account+CoreDataClass.swift */,
				9446622E21A03D6400C9FFCF /* Account+CoreDataProperties.swift */,
				9446622F21A03D6400C9FFCF /* Transaction+CoreDataClass.swift */,
				9446623021A03D6400C9FFCF /* Transaction+CoreDataProperties.swift */,
			);
			path = CoreDataEntity;
			sourceTree = "<group>";
		};
		94858B092146D1BC00498DCF /* Asembly */ = {
			isa = PBXGroup;
			children = (
				9424E8092163B3C100BE756D /* Bilders */,
			);
			path = Asembly;
			sourceTree = "<group>";
		};
		94858B0A2146D1E200498DCF /* Core */ = {
			isa = PBXGroup;
			children = (
				9446623F21A04D4600C9FFCF /* Alerts */,
				94858AFB2146D15B00498DCF /* MessageManager */,
				94F7F1FF217F5E0D00359B01 /* ValidatorsForms */,
				9417B15E2181A06B001E88AA /* PromptManager */,
				94A0EE8121A5528F004B66E1 /* CustomSort */,
				9446624A21A0715900C9FFCF /* CategoryType.swift */,
				94858AFE2146D15B00498DCF /* TransactionType.swift */,
				94EC436621664492009C6BF3 /* SettingListType.swift */,
				9424966F21AABF6C00364643 /* DateFormat.swift */,
			);
			path = Core;
			sourceTree = "<group>";
		};
		94858B0B2146D1F600498DCF /* Resources */ = {
			isa = PBXGroup;
			children = (
				94858ACB2146CDFA00498DCF /* Assets.xcassets */,
				94858ACD2146CDFA00498DCF /* LaunchScreen.storyboard */,
			);
			path = Resources;
			sourceTree = "<group>";
		};
		94858B0C2146D21000498DCF /* Environments */ = {
			isa = PBXGroup;
			children = (
				94858AD02146CDFA00498DCF /* Info.plist */,
				94858AC82146CDF900498DCF /* Trackmoney.xcdatamodeld */,
				94DD1B702178FCB100FF2853 /* Localizable.strings */,
			);
			path = Environments;
			sourceTree = "<group>";
		};
		94858B0D2146D22400498DCF /* Flows */ = {
			isa = PBXGroup;
			children = (
				945C7A982179FEED00AF0B86 /* Cells */,
				945C7A972179FEDD00AF0B86 /* Controllers */,
			);
			path = Flows;
			sourceTree = "<group>";
		};
		94858B0E2146D28B00498DCF /* AppDelegate */ = {
			isa = PBXGroup;
			children = (
				94858AC12146CDF900498DCF /* AppDelegate.swift */,
			);
			path = AppDelegate;
			sourceTree = "<group>";
		};
		94A0EE8121A5528F004B66E1 /* CustomSort */ = {
			isa = PBXGroup;
			children = (
				94A0EE7D21A54DE7004B66E1 /* DBEntity.swift */,
				94A0EE7F21A55214004B66E1 /* CustomSortManager.swift */,
			);
			path = CustomSort;
			sourceTree = "<group>";
		};
		94A7FDFB217C8198009E5C4B /* MainScreen */ = {
			isa = PBXGroup;
			children = (
				94DE545D215EA0C6006CAC9D /* MainTabBarController.swift */,
				94DE545F215EA4B2006CAC9D /* AccountsController.swift */,
				94FA33F5215FB88200689061 /* LogController.swift */,
				94DE5461215EAB56006CAC9D /* ToolsController.swift */,
			);
			path = MainScreen;
			sourceTree = "<group>";
		};
		94A7FDFC217C81AD009E5C4B /* SettingsScreens */ = {
			isa = PBXGroup;
			children = (
				94C553C82165323C00C0F628 /* SettingsController.swift */,
				94EC435E21661E12009C6BF3 /* AccountsSettingsController.swift */,
				94A7FDFE217C820A009E5C4B /* CategorySettingsController.swift */,
			);
			path = SettingsScreens;
			sourceTree = "<group>";
		};
		94A7FDFD217C81C3009E5C4B /* FormScreens */ = {
			isa = PBXGroup;
			children = (
				9417B1612181C914001E88AA /* BaseFormController.swift */,
				94F82413216B3CE5003DEE00 /* TransactionFormController.swift */,
				94A7FDEF217AF1B6009E5C4B /* AccountFormController.swift */,
				94A7FDF9217B51EB009E5C4B /* CategoryFormController.swift */,
			);
			path = FormScreens;
			sourceTree = "<group>";
		};
		94CC8135214FDB7C0027913C /* ErrorsManager */ = {
			isa = PBXGroup;
			children = (
				9446A5A4214F825200D44E13 /* ErrorMessage.swift */,
				94CC8136214FDBB30027913C /* TextErrors.swift */,
			);
			path = ErrorsManager;
			sourceTree = "<group>";
		};
		94D1668A2199AC4800C5D091 /* Rules */ = {
			isa = PBXGroup;
			children = (
				94F7F204217F66BD00359B01 /* EmptyRule.swift */,
				9417B16521820722001E88AA /* TextToNumberRule.swift */,
				94D166882199A88500C5D091 /* NegativeSumRule.swift */,
				9446621F219C705000C9FFCF /* DifferentAccountRule.swift */,
				94466221219C730400C9FFCF /* EmptyAccountRule.swift */,
			);
			path = Rules;
			sourceTree = "<group>";
		};
		94D435152149469F003ED596 /* TransactionDBManager */ = {
			isa = PBXGroup;
			children = (
				94858AFA2146D15B00498DCF /* TransactionDBManager.swift */,
				94F613722147F0A700BED9A5 /* CreateTransaction.swift */,
				94F613742148136E00BED9A5 /* DeleteTransaction.swift */,
				94D4351621494803003ED596 /* ChangeTransaction */,
			);
			path = TransactionDBManager;
			sourceTree = "<group>";
		};
		94D4351621494803003ED596 /* ChangeTransaction */ = {
			isa = PBXGroup;
			children = (
				94D435132148DA6F003ED596 /* ChangeTransactionMamager.swift */,
				94D4351721494843003ED596 /* ChangeSumTransaction.swift */,
				94D4351921495244003ED596 /* ChangeCategoryTransaction.swift */,
				94D4351B214957B4003ED596 /* ChangeIconTransaction.swift */,
				94DE53AD21495B8400B4CD73 /* ChangeCorAccount.swift */,
				94A2243E21AE7CDE00068F47 /* ChangeNoteTransaction.swift */,
			);
			path = ChangeTransaction;
			sourceTree = "<group>";
		};
		94D89E4C216260300090D192 /* DBManagerSpec */ = {
			isa = PBXGroup;
			children = (
				9424E8022163656E00BE756D /* TtansactionDBManager */,
				94D89E4D216260780090D192 /* AccountDBManagerSpec.swift */,
				94D89E4F21626F640090D192 /* CategoryDBManagerSpec.swift */,
			);
			path = DBManagerSpec;
			sourceTree = "<group>";
		};
		94F67390216142EA00A51190 /* TrackmoneyTests */ = {
			isa = PBXGroup;
			children = (
				9424E8132163D8F300BE756D /* CreateControllersSpec */,
				94D89E4C216260300090D192 /* DBManagerSpec */,
				94F67391216142EA00A51190 /* Info.plist */,
				94A24910216145D900BE71FE /* MethodsBDD.swift */,
				94F67392216142EA00A51190 /* TrackmoneyTests.swift */,
				942888522168F284002E3DCC /* AlertMenagerSpec.swift */,
				945C7A952179EE5800AF0B86 /* TransactionFormSpec.swift */,
			);
			path = TrackmoneyTests;
			sourceTree = "<group>";
		};
		94F7F1FF217F5E0D00359B01 /* ValidatorsForms */ = {
			isa = PBXGroup;
			children = (
				94F7F200217F5E4400359B01 /* ValidatorProtocol.swift */,
				94EEA27921803D0400F19496 /* NameTextFieldValidate.swift */,
				9417B16321820622001E88AA /* SumTextFieldValidate.swift */,
				94466223219C767200C9FFCF /* TransferValidator.swift */,
				94466227219D89F300C9FFCF /* MainAccountButtonValidator.swift */,
				9446622B219DA51600C9FFCF /* CategoryButtonValidator.swift */,
				94466229219D9E0800C9FFCF /* CorAccountButtonValidator.swift */,
				94D1668A2199AC4800C5D091 /* Rules */,
			);
			path = ValidatorsForms;
			sourceTree = "<group>";
		};
		E9F1B1F9FFDEEAB5A7083479 /* Frameworks */ = {
			isa = PBXGroup;
			children = (
				723C2C45923E505B7069F1FF /* Pods_Trackmoney.framework */,
				BCBF7BB3211B4E7E33BA6896 /* Pods_TrackmoneyTests.framework */,
				EF2FC793D9B36922B5A90A79 /* Pods_TrackmoneyUITests.framework */,
			);
			name = Frameworks;
			sourceTree = "<group>";
		};
/* End PBXGroup section */

/* Begin PBXNativeTarget section */
		94858ABD2146CDF900498DCF /* Trackmoney */ = {
			isa = PBXNativeTarget;
			buildConfigurationList = 94858AE92146CDFA00498DCF /* Build configuration list for PBXNativeTarget "Trackmoney" */;
			buildPhases = (
				6D1F43264593609132162F72 /* [CP] Check Pods Manifest.lock */,
				94858B152146D39B00498DCF /* ShellScript */,
				94858ABA2146CDF900498DCF /* Sources */,
				94858ABB2146CDF900498DCF /* Frameworks */,
				94858ABC2146CDF900498DCF /* Resources */,
			);
			buildRules = (
			);
			dependencies = (
			);
			name = Trackmoney;
			productName = Trackmoney;
			productReference = 94858ABE2146CDF900498DCF /* Trackmoney.app */;
			productType = "com.apple.product-type.application";
		};
		94F67385216142C100A51190 /* TrackmoneyTests */ = {
			isa = PBXNativeTarget;
			buildConfigurationList = 94F6738D216142C100A51190 /* Build configuration list for PBXNativeTarget "TrackmoneyTests" */;
			buildPhases = (
				F6D4AEAA047C2ED25E9931FF /* [CP] Check Pods Manifest.lock */,
				94F67382216142C100A51190 /* Sources */,
				94F67383216142C100A51190 /* Frameworks */,
				94F67384216142C100A51190 /* Resources */,
			);
			buildRules = (
			);
			dependencies = (
				94F6738C216142C100A51190 /* PBXTargetDependency */,
			);
			name = TrackmoneyTests;
			productName = TrackmoneyTests;
			productReference = 94F67386216142C100A51190 /* TrackmoneyTests.xctest */;
			productType = "com.apple.product-type.bundle.unit-test";
		};
/* End PBXNativeTarget section */

/* Begin PBXProject section */
		94858AB62146CDF900498DCF /* Project object */ = {
			isa = PBXProject;
			attributes = {
				LastSwiftUpdateCheck = 1000;
				LastUpgradeCheck = 1000;
				ORGANIZATIONNAME = "Maxim Tolstikov";
				TargetAttributes = {
					94858ABD2146CDF900498DCF = {
						CreatedOnToolsVersion = 9.4.1;
						LastSwiftMigration = 1000;
					};
					94F67385216142C100A51190 = {
						CreatedOnToolsVersion = 10.0;
						TestTargetID = 94858ABD2146CDF900498DCF;
					};
				};
			};
			buildConfigurationList = 94858AB92146CDF900498DCF /* Build configuration list for PBXProject "Trackmoney" */;
			compatibilityVersion = "Xcode 9.3";
			developmentRegion = en;
			hasScannedForEncodings = 0;
			knownRegions = (
				en,
				Base,
				ru,
			);
			mainGroup = 94858AB52146CDF900498DCF;
			productRefGroup = 94858ABF2146CDF900498DCF /* Products */;
			projectDirPath = "";
			projectRoot = "";
			targets = (
				94858ABD2146CDF900498DCF /* Trackmoney */,
				94F67385216142C100A51190 /* TrackmoneyTests */,
			);
		};
/* End PBXProject section */

/* Begin PBXResourcesBuildPhase section */
		94858ABC2146CDF900498DCF /* Resources */ = {
			isa = PBXResourcesBuildPhase;
			buildActionMask = 2147483647;
			files = (
				94858ACF2146CDFA00498DCF /* LaunchScreen.storyboard in Resources */,
				94DD1B6E2178FCB100FF2853 /* Localizable.strings in Resources */,
				94858ACC2146CDFA00498DCF /* Assets.xcassets in Resources */,
			);
			runOnlyForDeploymentPostprocessing = 0;
		};
		94F67384216142C100A51190 /* Resources */ = {
			isa = PBXResourcesBuildPhase;
			buildActionMask = 2147483647;
			files = (
			);
			runOnlyForDeploymentPostprocessing = 0;
		};
/* End PBXResourcesBuildPhase section */

/* Begin PBXShellScriptBuildPhase section */
		6D1F43264593609132162F72 /* [CP] Check Pods Manifest.lock */ = {
			isa = PBXShellScriptBuildPhase;
			buildActionMask = 2147483647;
			files = (
			);
			inputPaths = (
				"${PODS_PODFILE_DIR_PATH}/Podfile.lock",
				"${PODS_ROOT}/Manifest.lock",
			);
			name = "[CP] Check Pods Manifest.lock";
			outputPaths = (
				"$(DERIVED_FILE_DIR)/Pods-Trackmoney-checkManifestLockResult.txt",
			);
			runOnlyForDeploymentPostprocessing = 0;
			shellPath = /bin/sh;
			shellScript = "diff \"${PODS_PODFILE_DIR_PATH}/Podfile.lock\" \"${PODS_ROOT}/Manifest.lock\" > /dev/null\nif [ $? != 0 ] ; then\n    # print error to STDERR\n    echo \"error: The sandbox is not in sync with the Podfile.lock. Run 'pod install' or update your CocoaPods installation.\" >&2\n    exit 1\nfi\n# This output is used by Xcode 'outputs' to avoid re-running this script phase.\necho \"SUCCESS\" > \"${SCRIPT_OUTPUT_FILE_0}\"\n";
			showEnvVarsInLog = 0;
		};
		94858B152146D39B00498DCF /* ShellScript */ = {
			isa = PBXShellScriptBuildPhase;
			buildActionMask = 2147483647;
			files = (
			);
			inputPaths = (
			);
			outputPaths = (
			);
			runOnlyForDeploymentPostprocessing = 0;
			shellPath = /bin/sh;
			shellScript = "if which swiftlint >/dev/null; then\nswiftlint\nelse\necho \"warning: SwiftLint not installed, download from https://github.com/realm/SwiftLint\"\nfi\n";
		};
		F6D4AEAA047C2ED25E9931FF /* [CP] Check Pods Manifest.lock */ = {
			isa = PBXShellScriptBuildPhase;
			buildActionMask = 2147483647;
			files = (
			);
			inputPaths = (
				"${PODS_PODFILE_DIR_PATH}/Podfile.lock",
				"${PODS_ROOT}/Manifest.lock",
			);
			name = "[CP] Check Pods Manifest.lock";
			outputPaths = (
				"$(DERIVED_FILE_DIR)/Pods-TrackmoneyTests-checkManifestLockResult.txt",
			);
			runOnlyForDeploymentPostprocessing = 0;
			shellPath = /bin/sh;
			shellScript = "diff \"${PODS_PODFILE_DIR_PATH}/Podfile.lock\" \"${PODS_ROOT}/Manifest.lock\" > /dev/null\nif [ $? != 0 ] ; then\n    # print error to STDERR\n    echo \"error: The sandbox is not in sync with the Podfile.lock. Run 'pod install' or update your CocoaPods installation.\" >&2\n    exit 1\nfi\n# This output is used by Xcode 'outputs' to avoid re-running this script phase.\necho \"SUCCESS\" > \"${SCRIPT_OUTPUT_FILE_0}\"\n";
			showEnvVarsInLog = 0;
		};
/* End PBXShellScriptBuildPhase section */

/* Begin PBXSourcesBuildPhase section */
		94858ABA2146CDF900498DCF /* Sources */ = {
			isa = PBXSourcesBuildPhase;
			buildActionMask = 2147483647;
			files = (
				94A7FDEE217AF10E009E5C4B /* AccountFormControllerBuilder.swift in Sources */,
				94858B042146D15B00498DCF /* MessageKeyType.swift in Sources */,
				9446624321A04EA300C9FFCF /* NeedCancelAlert.swift in Sources */,
				94FA33F6215FB88200689061 /* LogController.swift in Sources */,
				9446624521A04FD700C9FFCF /* ChooseAccountAlert.swift in Sources */,
				94858B022146D15B00498DCF /* DBManagerProtocol.swift in Sources */,
				9446623E21A044B700C9FFCF /* ChooseTransactionAlert.swift in Sources */,
				9417B16621820722001E88AA /* TextToNumberRule.swift in Sources */,
				94F613752148136E00BED9A5 /* DeleteTransaction.swift in Sources */,
				94A7FDFA217B51EB009E5C4B /* CategoryFormController.swift in Sources */,
				94A7FDF2217AF234009E5C4B /* AccountFormDataProvider.swift in Sources */,
				9446622A219D9E0800C9FFCF /* CorAccountButtonValidator.swift in Sources */,
				9424E8102163BA4C00BE756D /* DataProviderProtocol.swift in Sources */,
				94D166892199A88500C5D091 /* NegativeSumRule.swift in Sources */,
				9417B1602181A092001E88AA /* PromptView.swift in Sources */,
				9446A5A5214F825200D44E13 /* ErrorMessage.swift in Sources */,
				94858B062146D15B00498DCF /* TransactionType.swift in Sources */,
				94EC4365216634B8009C6BF3 /* AccountsSettingsControllerBilder.swift in Sources */,
				94C553C12164FAFA00C0F628 /* LogControllreBillder.swift in Sources */,
				94466228219D89F300C9FFCF /* MainAccountButtonValidator.swift in Sources */,
				94C553C32165004A00C0F628 /* LogDataLoader.swift in Sources */,
				94466220219C705000C9FFCF /* DifferentAccountRule.swift in Sources */,
				94C553C72165158A00C0F628 /* ToolsDataLoader.swift in Sources */,
				94EC436721664492009C6BF3 /* SettingListType.swift in Sources */,
				94A0EE8021A55214004B66E1 /* CustomSortManager.swift in Sources */,
				94858B012146D15B00498DCF /* DBManager.swift in Sources */,
				94F7F205217F66BD00359B01 /* EmptyRule.swift in Sources */,
				9446624E21A0720300C9FFCF /* CategoryTransaction+CoreDataClass.swift in Sources */,
				94D4351821494843003ED596 /* ChangeSumTransaction.swift in Sources */,
				9446624721A0551A00C9FFCF /* ChooseCategoryAlert.swift in Sources */,
				945C7A9221799C7900AF0B86 /* TransactionFormControllerBuilder.swift in Sources */,
				94D4351C214957B4003ED596 /* ChangeIconTransaction.swift in Sources */,
				942888512168C7F0002E3DCC /* AlertManager.swift in Sources */,
				94D4351A21495244003ED596 /* ChangeCategoryTransaction.swift in Sources */,
				94858AC22146CDF900498DCF /* AppDelegate.swift in Sources */,
				94858B032146D15B00498DCF /* TransactionDBManager.swift in Sources */,
				9424967221AAFE7400364643 /* RenameEntity.swift in Sources */,
				94A7FE01217C8CF1009E5C4B /* CategorySettingsDataProvider.swift in Sources */,
				94858B002146D15B00498DCF /* CategoryDBManager.swift in Sources */,
				94D435142148DA6F003ED596 /* ChangeTransactionMamager.swift in Sources */,
				9446624F21A0720300C9FFCF /* CategoryTransaction+CoreDataProperties.swift in Sources */,
				94DE5460215EA4B2006CAC9D /* AccountsController.swift in Sources */,
				94A2243F21AE7CDE00068F47 /* ChangeNoteTransaction.swift in Sources */,
				94DE53AE21495B8400B4CD73 /* ChangeCorAccount.swift in Sources */,
				9446622C219DA51600C9FFCF /* CategoryButtonValidator.swift in Sources */,
				94EC436121662018009C6BF3 /* AccountsSettingsDataProvider.swift in Sources */,
				94C553C5216514A900C0F628 /* ToolsControllerBuilder.swift in Sources */,
				94C553CB2165327E00C0F628 /* SettingsControllerBilder.swift in Sources */,
				94A7FDF6217B4E8A009E5C4B /* AccountsCell.swift in Sources */,
				9417B16421820622001E88AA /* SumTextFieldValidate.swift in Sources */,
				9417B1622181C914001E88AA /* BaseFormController.swift in Sources */,
				94466224219C767200C9FFCF /* TransferValidator.swift in Sources */,
				945C7A9A2179FF1300AF0B86 /* LogCell.swift in Sources */,
				9444221F21A8756C0005DA0B /* NoteAlert.swift in Sources */,
				9446624121A04D6900C9FFCF /* ShortAlert.swift in Sources */,
				94A7FDF0217AF1B6009E5C4B /* AccountFormController.swift in Sources */,
				94EEA27A21803D0400F19496 /* NameTextFieldValidate.swift in Sources */,
				94F82414216B3CE5003DEE00 /* TransactionFormController.swift in Sources */,
				9446623421A03D6400C9FFCF /* Account+CoreDataProperties.swift in Sources */,
				94858B052146D15B00498DCF /* MessageManager.swift in Sources */,
				94DE545E215EA0C6006CAC9D /* MainTabBarController.swift in Sources */,
				94A7FDFF217C820A009E5C4B /* CategorySettingsController.swift in Sources */,
				94858ACA2146CDF900498DCF /* Trackmoney.xcdatamodeld in Sources */,
				9424967021AABF6C00364643 /* DateFormat.swift in Sources */,
				9424E8122163C11F00BE756D /* AccountsDataLoader.swift in Sources */,
				94EC435F21661E12009C6BF3 /* AccountsSettingsController.swift in Sources */,
				94A0EE7E21A54DE7004B66E1 /* DBEntity.swift in Sources */,
				94466222219C730400C9FFCF /* EmptyAccountRule.swift in Sources */,
				945C7A942179A13100AF0B86 /* TransactionFormDataProvider.swift in Sources */,
				9424E80B2163B4A400BE756D /* MainTabBarControllerBuilder.swift in Sources */,
				94F7F201217F5E4400359B01 /* ValidatorProtocol.swift in Sources */,
				94A7FDF8217B519A009E5C4B /* CategoryFormControllerBuilder.swift in Sources */,
				94E908EC21AD3F6F00E7A31D /* NoteViewController.swift in Sources */,
				94CC8137214FDBB30027913C /* TextErrors.swift in Sources */,
				94DE5462215EAB56006CAC9D /* ToolsController.swift in Sources */,
				94A7FDF4217AF3D7009E5C4B /* CategoryFormDataProvider.swift in Sources */,
				9446624921A0569900C9FFCF /* ChooseTypeCategoryAlert.swift in Sources */,
				94C553C92165323C00C0F628 /* SettingsController.swift in Sources */,
				94858AFF2146D15B00498DCF /* AccountDBManager.swift in Sources */,
				94A7FE03217C908E009E5C4B /* CategorySettingsControllerBuilder.swift in Sources */,
				9446623521A03D6400C9FFCF /* Transaction+CoreDataClass.swift in Sources */,
				9424E80D2163B54100BE756D /* AccountsControllerBuilder.swift in Sources */,
				94F613732147F0A700BED9A5 /* CreateTransaction.swift in Sources */,
				9446624B21A0715900C9FFCF /* CategoryType.swift in Sources */,
				9446623321A03D6400C9FFCF /* Account+CoreDataClass.swift in Sources */,
				9446623621A03D6400C9FFCF /* Transaction+CoreDataProperties.swift in Sources */,
			);
			runOnlyForDeploymentPostprocessing = 0;
		};
		94F67382216142C100A51190 /* Sources */ = {
			isa = PBXSourcesBuildPhase;
			buildActionMask = 2147483647;
			files = (
				9424E8042163872000BE756D /* DeleteTransactionDBManagerSpec.swift in Sources */,
				9424E8082163997D00BE756D /* ChangeTransactionDBManagetSpec.swift in Sources */,
				9424E80621638F1B00BE756D /* GetTransactionDBManagerSpec.swift in Sources */,
				94D89E5021626F640090D192 /* CategoryDBManagerSpec.swift in Sources */,
				9424E8012163651600BE756D /* CreateTransactionDBManagerSpec.swift in Sources */,
				94F67394216142EA00A51190 /* TrackmoneyTests.swift in Sources */,
				94A24911216145D900BE71FE /* MethodsBDD.swift in Sources */,
				94D89E4E216260780090D192 /* AccountDBManagerSpec.swift in Sources */,
				9424E8152163D92200BE756D /* CreateControllersSpec.swift in Sources */,
				945C7A962179EE5800AF0B86 /* TransactionFormSpec.swift in Sources */,
				942888532168F284002E3DCC /* AlertMenagerSpec.swift in Sources */,
			);
			runOnlyForDeploymentPostprocessing = 0;
		};
/* End PBXSourcesBuildPhase section */

/* Begin PBXTargetDependency section */
		94F6738C216142C100A51190 /* PBXTargetDependency */ = {
			isa = PBXTargetDependency;
			target = 94858ABD2146CDF900498DCF /* Trackmoney */;
			targetProxy = 94F6738B216142C100A51190 /* PBXContainerItemProxy */;
		};
/* End PBXTargetDependency section */

/* Begin PBXVariantGroup section */
		94858ACD2146CDFA00498DCF /* LaunchScreen.storyboard */ = {
			isa = PBXVariantGroup;
			children = (
				94858ACE2146CDFA00498DCF /* Base */,
				94DD1B62217895F300FF2853 /* ru */,
			);
			name = LaunchScreen.storyboard;
			sourceTree = "<group>";
		};
		94DD1B702178FCB100FF2853 /* Localizable.strings */ = {
			isa = PBXVariantGroup;
			children = (
				94DD1B6F2178FCB100FF2853 /* en */,
				94DD1B712178FCB300FF2853 /* ru */,
			);
			name = Localizable.strings;
			sourceTree = "<group>";
		};
/* End PBXVariantGroup section */

/* Begin XCBuildConfiguration section */
		94858AE72146CDFA00498DCF /* Debug */ = {
			isa = XCBuildConfiguration;
			buildSettings = {
				ALWAYS_SEARCH_USER_PATHS = NO;
				CLANG_ANALYZER_LOCALIZABILITY_NONLOCALIZED = YES;
				CLANG_ANALYZER_NONNULL = YES;
				CLANG_ANALYZER_NUMBER_OBJECT_CONVERSION = YES_AGGRESSIVE;
				CLANG_CXX_LANGUAGE_STANDARD = "gnu++14";
				CLANG_CXX_LIBRARY = "libc++";
				CLANG_ENABLE_MODULES = YES;
				CLANG_ENABLE_OBJC_ARC = YES;
				CLANG_ENABLE_OBJC_WEAK = YES;
				CLANG_WARN_BLOCK_CAPTURE_AUTORELEASING = YES;
				CLANG_WARN_BOOL_CONVERSION = YES;
				CLANG_WARN_COMMA = YES;
				CLANG_WARN_CONSTANT_CONVERSION = YES;
				CLANG_WARN_DEPRECATED_OBJC_IMPLEMENTATIONS = YES;
				CLANG_WARN_DIRECT_OBJC_ISA_USAGE = YES_ERROR;
				CLANG_WARN_DOCUMENTATION_COMMENTS = YES;
				CLANG_WARN_EMPTY_BODY = YES;
				CLANG_WARN_ENUM_CONVERSION = YES;
				CLANG_WARN_INFINITE_RECURSION = YES;
				CLANG_WARN_INT_CONVERSION = YES;
				CLANG_WARN_NON_LITERAL_NULL_CONVERSION = YES;
				CLANG_WARN_OBJC_IMPLICIT_RETAIN_SELF = YES;
				CLANG_WARN_OBJC_LITERAL_CONVERSION = YES;
				CLANG_WARN_OBJC_ROOT_CLASS = YES_ERROR;
				CLANG_WARN_RANGE_LOOP_ANALYSIS = YES;
				CLANG_WARN_STRICT_PROTOTYPES = YES;
				CLANG_WARN_SUSPICIOUS_MOVE = YES;
				CLANG_WARN_UNGUARDED_AVAILABILITY = YES_AGGRESSIVE;
				CLANG_WARN_UNREACHABLE_CODE = YES;
				CLANG_WARN__DUPLICATE_METHOD_MATCH = YES;
				CODE_SIGN_IDENTITY = "iPhone Developer";
				COPY_PHASE_STRIP = NO;
				DEBUG_INFORMATION_FORMAT = dwarf;
				ENABLE_BITCODE = NO;
				ENABLE_STRICT_OBJC_MSGSEND = YES;
				ENABLE_TESTABILITY = YES;
				GCC_C_LANGUAGE_STANDARD = gnu11;
				GCC_DYNAMIC_NO_PIC = NO;
				GCC_NO_COMMON_BLOCKS = YES;
				GCC_OPTIMIZATION_LEVEL = 0;
				GCC_PREPROCESSOR_DEFINITIONS = (
					"DEBUG=1",
					"$(inherited)",
				);
				GCC_WARN_64_TO_32_BIT_CONVERSION = YES;
				GCC_WARN_ABOUT_RETURN_TYPE = YES_ERROR;
				GCC_WARN_UNDECLARED_SELECTOR = YES;
				GCC_WARN_UNINITIALIZED_AUTOS = YES_AGGRESSIVE;
				GCC_WARN_UNUSED_FUNCTION = YES;
				GCC_WARN_UNUSED_VARIABLE = YES;
				IPHONEOS_DEPLOYMENT_TARGET = 12.0;
				MTL_ENABLE_DEBUG_INFO = YES;
				ONLY_ACTIVE_ARCH = YES;
				SDKROOT = iphoneos;
				SWIFT_ACTIVE_COMPILATION_CONDITIONS = DEBUG;
				SWIFT_OPTIMIZATION_LEVEL = "-Onone";
			};
			name = Debug;
		};
		94858AE82146CDFA00498DCF /* Release */ = {
			isa = XCBuildConfiguration;
			buildSettings = {
				ALWAYS_SEARCH_USER_PATHS = NO;
				CLANG_ANALYZER_LOCALIZABILITY_NONLOCALIZED = YES;
				CLANG_ANALYZER_NONNULL = YES;
				CLANG_ANALYZER_NUMBER_OBJECT_CONVERSION = YES_AGGRESSIVE;
				CLANG_CXX_LANGUAGE_STANDARD = "gnu++14";
				CLANG_CXX_LIBRARY = "libc++";
				CLANG_ENABLE_MODULES = YES;
				CLANG_ENABLE_OBJC_ARC = YES;
				CLANG_ENABLE_OBJC_WEAK = YES;
				CLANG_WARN_BLOCK_CAPTURE_AUTORELEASING = YES;
				CLANG_WARN_BOOL_CONVERSION = YES;
				CLANG_WARN_COMMA = YES;
				CLANG_WARN_CONSTANT_CONVERSION = YES;
				CLANG_WARN_DEPRECATED_OBJC_IMPLEMENTATIONS = YES;
				CLANG_WARN_DIRECT_OBJC_ISA_USAGE = YES_ERROR;
				CLANG_WARN_DOCUMENTATION_COMMENTS = YES;
				CLANG_WARN_EMPTY_BODY = YES;
				CLANG_WARN_ENUM_CONVERSION = YES;
				CLANG_WARN_INFINITE_RECURSION = YES;
				CLANG_WARN_INT_CONVERSION = YES;
				CLANG_WARN_NON_LITERAL_NULL_CONVERSION = YES;
				CLANG_WARN_OBJC_IMPLICIT_RETAIN_SELF = YES;
				CLANG_WARN_OBJC_LITERAL_CONVERSION = YES;
				CLANG_WARN_OBJC_ROOT_CLASS = YES_ERROR;
				CLANG_WARN_RANGE_LOOP_ANALYSIS = YES;
				CLANG_WARN_STRICT_PROTOTYPES = YES;
				CLANG_WARN_SUSPICIOUS_MOVE = YES;
				CLANG_WARN_UNGUARDED_AVAILABILITY = YES_AGGRESSIVE;
				CLANG_WARN_UNREACHABLE_CODE = YES;
				CLANG_WARN__DUPLICATE_METHOD_MATCH = YES;
				CODE_SIGN_IDENTITY = "iPhone Developer";
				COPY_PHASE_STRIP = NO;
				DEBUG_INFORMATION_FORMAT = "dwarf-with-dsym";
				ENABLE_BITCODE = NO;
				ENABLE_NS_ASSERTIONS = NO;
				ENABLE_STRICT_OBJC_MSGSEND = YES;
				GCC_C_LANGUAGE_STANDARD = gnu11;
				GCC_NO_COMMON_BLOCKS = YES;
				GCC_WARN_64_TO_32_BIT_CONVERSION = YES;
				GCC_WARN_ABOUT_RETURN_TYPE = YES_ERROR;
				GCC_WARN_UNDECLARED_SELECTOR = YES;
				GCC_WARN_UNINITIALIZED_AUTOS = YES_AGGRESSIVE;
				GCC_WARN_UNUSED_FUNCTION = YES;
				GCC_WARN_UNUSED_VARIABLE = YES;
				IPHONEOS_DEPLOYMENT_TARGET = 12.0;
				MTL_ENABLE_DEBUG_INFO = NO;
				SDKROOT = iphoneos;
				SWIFT_COMPILATION_MODE = wholemodule;
				SWIFT_OPTIMIZATION_LEVEL = "-O";
				VALIDATE_PRODUCT = YES;
			};
			name = Release;
		};
		94858AEA2146CDFA00498DCF /* Debug */ = {
			isa = XCBuildConfiguration;
			baseConfigurationReference = 4B771A0E68CD1C303BE92499 /* Pods-Trackmoney.debug.xcconfig */;
			buildSettings = {
				ASSETCATALOG_COMPILER_APPICON_NAME = AppIcon;
				CODE_SIGN_STYLE = Automatic;
				DEVELOPMENT_TEAM = X37P9Q6XJN;
				ENABLE_BITCODE = YES;
				INFOPLIST_FILE = "$(SRCROOT)/Trackmoney/Environments/Info.plist";
				IPHONEOS_DEPLOYMENT_TARGET = 11.0;
				LD_RUNPATH_SEARCH_PATHS = (
					"$(inherited)",
					"@executable_path/Frameworks",
				);
				PRODUCT_BUNDLE_IDENTIFIER = ru.pricemin.Trackmoney;
				PRODUCT_NAME = "$(TARGET_NAME)";
				SWIFT_VERSION = 4.2;
				TARGETED_DEVICE_FAMILY = "1,2";
			};
			name = Debug;
		};
		94858AEB2146CDFA00498DCF /* Release */ = {
			isa = XCBuildConfiguration;
			baseConfigurationReference = DB7C7CAE116CDCC9EE5640C9 /* Pods-Trackmoney.release.xcconfig */;
			buildSettings = {
				ASSETCATALOG_COMPILER_APPICON_NAME = AppIcon;
				CODE_SIGN_STYLE = Automatic;
				DEVELOPMENT_TEAM = X37P9Q6XJN;
				ENABLE_BITCODE = YES;
				INFOPLIST_FILE = "$(SRCROOT)/Trackmoney/Environments/Info.plist";
				IPHONEOS_DEPLOYMENT_TARGET = 11.0;
				LD_RUNPATH_SEARCH_PATHS = (
					"$(inherited)",
					"@executable_path/Frameworks",
				);
				PRODUCT_BUNDLE_IDENTIFIER = ru.pricemin.Trackmoney;
				PRODUCT_NAME = "$(TARGET_NAME)";
				SWIFT_VERSION = 4.2;
				TARGETED_DEVICE_FAMILY = "1,2";
			};
			name = Release;
		};
		94F6738E216142C100A51190 /* Debug */ = {
			isa = XCBuildConfiguration;
			baseConfigurationReference = 75007BC4F3BA82AE3EFC6A52 /* Pods-TrackmoneyTests.debug.xcconfig */;
			buildSettings = {
				BUNDLE_LOADER = "$(TEST_HOST)";
				CODE_SIGN_STYLE = Automatic;
				DEVELOPMENT_TEAM = X37P9Q6XJN;
				INFOPLIST_FILE = TrackmoneyTests/Info.plist;
				IPHONEOS_DEPLOYMENT_TARGET = 12.0;
				LD_RUNPATH_SEARCH_PATHS = (
					"$(inherited)",
					"@executable_path/Frameworks",
					"@loader_path/Frameworks",
				);
				MTL_ENABLE_DEBUG_INFO = INCLUDE_SOURCE;
				MTL_FAST_MATH = YES;
				PRODUCT_BUNDLE_IDENTIFIER = ru.pricemin.TrackmoneyTests;
				PRODUCT_NAME = "$(TARGET_NAME)";
				SWIFT_VERSION = 4.2;
				TARGETED_DEVICE_FAMILY = "1,2";
				TEST_HOST = "$(BUILT_PRODUCTS_DIR)/Trackmoney.app/Trackmoney";
			};
			name = Debug;
		};
		94F6738F216142C100A51190 /* Release */ = {
			isa = XCBuildConfiguration;
			baseConfigurationReference = 780CD5C36C133E5DE051008D /* Pods-TrackmoneyTests.release.xcconfig */;
			buildSettings = {
				BUNDLE_LOADER = "$(TEST_HOST)";
				CODE_SIGN_STYLE = Automatic;
				DEVELOPMENT_TEAM = X37P9Q6XJN;
				INFOPLIST_FILE = TrackmoneyTests/Info.plist;
				IPHONEOS_DEPLOYMENT_TARGET = 12.0;
				LD_RUNPATH_SEARCH_PATHS = (
					"$(inherited)",
					"@executable_path/Frameworks",
					"@loader_path/Frameworks",
				);
				MTL_FAST_MATH = YES;
				PRODUCT_BUNDLE_IDENTIFIER = ru.pricemin.TrackmoneyTests;
				PRODUCT_NAME = "$(TARGET_NAME)";
				SWIFT_VERSION = 4.2;
				TARGETED_DEVICE_FAMILY = "1,2";
				TEST_HOST = "$(BUILT_PRODUCTS_DIR)/Trackmoney.app/Trackmoney";
			};
			name = Release;
		};
/* End XCBuildConfiguration section */

/* Begin XCConfigurationList section */
		94858AB92146CDF900498DCF /* Build configuration list for PBXProject "Trackmoney" */ = {
			isa = XCConfigurationList;
			buildConfigurations = (
				94858AE72146CDFA00498DCF /* Debug */,
				94858AE82146CDFA00498DCF /* Release */,
			);
			defaultConfigurationIsVisible = 0;
			defaultConfigurationName = Debug;
		};
		94858AE92146CDFA00498DCF /* Build configuration list for PBXNativeTarget "Trackmoney" */ = {
			isa = XCConfigurationList;
			buildConfigurations = (
				94858AEA2146CDFA00498DCF /* Debug */,
				94858AEB2146CDFA00498DCF /* Release */,
			);
			defaultConfigurationIsVisible = 0;
			defaultConfigurationName = Debug;
		};
		94F6738D216142C100A51190 /* Build configuration list for PBXNativeTarget "TrackmoneyTests" */ = {
			isa = XCConfigurationList;
			buildConfigurations = (
				94F6738E216142C100A51190 /* Debug */,
				94F6738F216142C100A51190 /* Release */,
			);
			defaultConfigurationIsVisible = 0;
			defaultConfigurationName = Debug;
		};
/* End XCConfigurationList section */

/* Begin XCVersionGroup section */
		94858AC82146CDF900498DCF /* Trackmoney.xcdatamodeld */ = {
			isa = XCVersionGroup;
			children = (
				94858AC92146CDF900498DCF /* Trackmoney.xcdatamodel */,
			);
			currentVersion = 94858AC92146CDF900498DCF /* Trackmoney.xcdatamodel */;
			path = Trackmoney.xcdatamodeld;
			sourceTree = "<group>";
			versionGroupType = wrapper.xcdatamodel;
		};
/* End XCVersionGroup section */
	};
	rootObject = 94858AB62146CDF900498DCF /* Project object */;
}
